
Microsoft Visual Studio Solution File, Format Version 12.00
# Visual Studio Version 17
VisualStudioVersion = 17.13.35828.75 d17.13
MinimumVisualStudioVersion = 10.0.40219.1
Project("{FAE04EC0-301F-11D3-BF4B-00C04F79EFBC}") = "juegoDeLaVida", "WinFormsApp1\juegoDeLaVida.csproj", "{10B3BFBD-5E01-485E-BE88-6DE6837219B8}"
EndProject
Global
	GlobalSection(SolutionConfigurationPlatforms) = preSolution
		Debug|Any CPU = Debug|Any CPU
		Release|Any CPU = Release|Any CPU
	EndGlobalSection
	GlobalSection(ProjectConfigurationPlatforms) = postSolution
		{10B3BFBD-5E01-485E-BE88-6DE6837219B8}.Debug|Any CPU.ActiveCfg = Debug|Any CPU
		{10B3BFBD-5E01-485E-BE88-6DE6837219B8}.Debug|Any CPU.Build.0 = Debug|Any CPU
		{10B3BFBD-5E01-485E-BE88-6DE6837219B8}.Release|Any CPU.ActiveCfg = Release|Any CPU
		{10B3BFBD-5E01-485E-BE88-6DE6837219B8}.Release|Any CPU.Build.0 = Release|Any CPU
	EndGlobalSection
	GlobalSection(SolutionProperties) = preSolution
		HideSolutionNode = FALSE
	EndGlobalSection
	GlobalSection(ExtensibilityGlobals) = postSolution
		SolutionGuid = {24559980-C8AC-4AB3-9909-5BEAF9ADCF8D}
	EndGlobalSection
EndGlobal
